
Microsoft Visual Studio Solution File, Format Version 12.00
# Visual Studio Version 16
VisualStudioVersion = 16.0.29926.136
MinimumVisualStudioVersion = 10.0.40219.1
Project("{FAE04EC0-301F-11D3-BF4B-00C04F79EFBC}") = "ITOS_CSHARP", "ITOS_CSHARP.csproj", "{FFEC6B14-6D33-4DCE-84A7-FDE38C3AE30C}"
EndProject
Global
	GlobalSection(SolutionConfigurationPlatforms) = preSolution
		Debug|Any CPU = Debug|Any CPU
		Release|Any CPU = Release|Any CPU
	EndGlobalSection
	GlobalSection(ProjectConfigurationPlatforms) = postSolution
		{FFEC6B14-6D33-4DCE-84A7-FDE38C3AE30C}.Debug|Any CPU.ActiveCfg = Debug|Any CPU
		{FFEC6B14-6D33-4DCE-84A7-FDE38C3AE30C}.Debug|Any CPU.Build.0 = Debug|Any CPU
		{FFEC6B14-6D33-4DCE-84A7-FDE38C3AE30C}.Release|Any CPU.ActiveCfg = Release|Any CPU
		{FFEC6B14-6D33-4DCE-84A7-FDE38C3AE30C}.Release|Any CPU.Build.0 = Release|Any CPU
	EndGlobalSection
	GlobalSection(SolutionProperties) = preSolution
		HideSolutionNode = FALSE
	EndGlobalSection
	GlobalSection(ExtensibilityGlobals) = postSolution
		SolutionGuid = {71113152-32A1-4CCF-A43C-AD3DA02BED11}
	EndGlobalSection
EndGlobal
